github.com/foomo/posh v0.20.0 h1:MopFe0slp8gtjancFISTVhNtr3mOumfkCWSlg4knCzA=
github.com/foomo/posh v0.20.0/go.mod h1:xJt6Omkelbn7YE2VSsd+OBt22gjRLwMpTt5P955kBR4=
github.com/pkg/errors v0.9.1 h1:FEBLx1zS214owpjy7qsBeixbURkuhQAwrK5UwLGTwt4=
github.com/pkg/errors v0.9.1/go.mod h1:bwawxfHBFNV+L2hUp1rHADufV3IMtnDRdf1r5NINEl0=
